
Microsoft Visual Studio Solution File, Format Version 12.00
# Visual Studio Version 17
VisualStudioVersion = 17.0.31903.59
MinimumVisualStudioVersion = 10.0.40219.1
Project("{9A19103F-16F7-4668-BE54-9A1E7A4F7556}") = "FunWithMusic", "FunWithMusic\FunWithMusic.csproj", "{C633E699-76F9-44EB-90A5-562FEBBCE5E3}"
EndProject
Project("{9A19103F-16F7-4668-BE54-9A1E7A4F7556}") = "MusicArray", "MusicArray\MusicArray.csproj", "{56D3F374-3DAB-42C1-963F-C1C02B91D861}"
EndProject
Project("{FAE04EC0-301F-11D3-BF4B-00C04F79EFBC}") = "myParams", "myParams\myParams.csproj", "{58F0C69C-C6B0-4B6E-9B0A-8AD21794DDCB}"
EndProject
Global
	GlobalSection(SolutionConfigurationPlatforms) = preSolution
		Debug|Any CPU = Debug|Any CPU
		Release|Any CPU = Release|Any CPU
	EndGlobalSection
	GlobalSection(ProjectConfigurationPlatforms) = postSolution
		{C633E699-76F9-44EB-90A5-562FEBBCE5E3}.Debug|Any CPU.ActiveCfg = Debug|Any CPU
		{C633E699-76F9-44EB-90A5-562FEBBCE5E3}.Debug|Any CPU.Build.0 = Debug|Any CPU
		{C633E699-76F9-44EB-90A5-562FEBBCE5E3}.Release|Any CPU.ActiveCfg = Release|Any CPU
		{C633E699-76F9-44EB-90A5-562FEBBCE5E3}.Release|Any CPU.Build.0 = Release|Any CPU
		{56D3F374-3DAB-42C1-963F-C1C02B91D861}.Debug|Any CPU.ActiveCfg = Debug|Any CPU
		{56D3F374-3DAB-42C1-963F-C1C02B91D861}.Debug|Any CPU.Build.0 = Debug|Any CPU
		{56D3F374-3DAB-42C1-963F-C1C02B91D861}.Release|Any CPU.ActiveCfg = Release|Any CPU
		{56D3F374-3DAB-42C1-963F-C1C02B91D861}.Release|Any CPU.Build.0 = Release|Any CPU
		{58F0C69C-C6B0-4B6E-9B0A-8AD21794DDCB}.Debug|Any CPU.ActiveCfg = Debug|Any CPU
		{58F0C69C-C6B0-4B6E-9B0A-8AD21794DDCB}.Debug|Any CPU.Build.0 = Debug|Any CPU
		{58F0C69C-C6B0-4B6E-9B0A-8AD21794DDCB}.Release|Any CPU.ActiveCfg = Release|Any CPU
		{58F0C69C-C6B0-4B6E-9B0A-8AD21794DDCB}.Release|Any CPU.Build.0 = Release|Any CPU
	EndGlobalSection
	GlobalSection(SolutionProperties) = preSolution
		HideSolutionNode = FALSE
	EndGlobalSection
	GlobalSection(ExtensibilityGlobals) = postSolution
		SolutionGuid = {F77B77E2-234D-4892-A609-E922FD3C885E}
	EndGlobalSection
EndGlobal
